
Microsoft Visual Studio Solution File, Format Version 12.00
# Visual Studio Version 16
VisualStudioVersion = 16.0.31424.327
MinimumVisualStudioVersion = 10.0.40219.1
Project("{888888A0-9F3D-457C-B088-3A5042F75D52}") = "WoTRangingSystem", "WoTRangingSystem.pyproj", "{73E61ECD-B82F-484E-B72E-333589BBBC25}"
EndProject
Global
	GlobalSection(SolutionConfigurationPlatforms) = preSolution
		Debug|Any CPU = Debug|Any CPU
		Release|Any CPU = Release|Any CPU
	EndGlobalSection
	GlobalSection(ProjectConfigurationPlatforms) = postSolution
		{73E61ECD-B82F-484E-B72E-333589BBBC25}.Debug|Any CPU.ActiveCfg = Debug|Any CPU
		{73E61ECD-B82F-484E-B72E-333589BBBC25}.Release|Any CPU.ActiveCfg = Release|Any CPU
	EndGlobalSection
	GlobalSection(SolutionProperties) = preSolution
		HideSolutionNode = FALSE
	EndGlobalSection
	GlobalSection(ExtensibilityGlobals) = postSolution
		SolutionGuid = {76ACE4B8-9726-415D-8BFD-A40361A916E0}
	EndGlobalSection
EndGlobal
